
Microsoft Visual Studio Solution File, Format Version 12.00
# Visual Studio Version 16
VisualStudioVersion = 16.0.28803.156
MinimumVisualStudioVersion = 10.0.40219.1
Project("{9A19103F-16F7-4668-BE54-9A1E7A4F7556}") = "SSIApi", "SSIApi\SSIApi.csproj", "{C3E6DC1D-9C6B-4CCF-AE2A-D862AAD8E98F}"
EndProject
Project("{9A19103F-16F7-4668-BE54-9A1E7A4F7556}") = "WebApplicationSSI", "WebApplicationSSI\WebApplicationSSI.csproj", "{03CE8ECF-7F7F-44FB-AEA7-F084562FA3CB}"
EndProject
Global
	GlobalSection(SolutionConfigurationPlatforms) = preSolution
		Debug|Any CPU = Debug|Any CPU
		Release|Any CPU = Release|Any CPU
	EndGlobalSection
	GlobalSection(ProjectConfigurationPlatforms) = postSolution
		{C3E6DC1D-9C6B-4CCF-AE2A-D862AAD8E98F}.Debug|Any CPU.ActiveCfg = Debug|Any CPU
		{C3E6DC1D-9C6B-4CCF-AE2A-D862AAD8E98F}.Debug|Any CPU.Build.0 = Debug|Any CPU
		{C3E6DC1D-9C6B-4CCF-AE2A-D862AAD8E98F}.Release|Any CPU.ActiveCfg = Release|Any CPU
		{C3E6DC1D-9C6B-4CCF-AE2A-D862AAD8E98F}.Release|Any CPU.Build.0 = Release|Any CPU
		{03CE8ECF-7F7F-44FB-AEA7-F084562FA3CB}.Debug|Any CPU.ActiveCfg = Debug|Any CPU
		{03CE8ECF-7F7F-44FB-AEA7-F084562FA3CB}.Debug|Any CPU.Build.0 = Debug|Any CPU
		{03CE8ECF-7F7F-44FB-AEA7-F084562FA3CB}.Release|Any CPU.ActiveCfg = Release|Any CPU
		{03CE8ECF-7F7F-44FB-AEA7-F084562FA3CB}.Release|Any CPU.Build.0 = Release|Any CPU
	EndGlobalSection
	GlobalSection(SolutionProperties) = preSolution
		HideSolutionNode = FALSE
	EndGlobalSection
	GlobalSection(ExtensibilityGlobals) = postSolution
		SolutionGuid = {DD72EF7B-0426-4928-A20F-A409CA17E792}
	EndGlobalSection
EndGlobal
